
Microsoft Visual Studio Solution File, Format Version 12.00
# Visual Studio Version 17
VisualStudioVersion = 17.0.32002.185
MinimumVisualStudioVersion = 10.0.40219.1
Project("{FAE04EC0-301F-11D3-BF4B-00C04F79EFBC}") = "RefinedCalculator", "RefinedCalculator.csproj", "{6906E777-9AFB-4FAE-871F-C6226C3465E5}"
EndProject
Global
	GlobalSection(SolutionConfigurationPlatforms) = preSolution
		Debug|Any CPU = Debug|Any CPU
		Release|Any CPU = Release|Any CPU
	EndGlobalSection
	GlobalSection(ProjectConfigurationPlatforms) = postSolution
		{6906E777-9AFB-4FAE-871F-C6226C3465E5}.Debug|Any CPU.ActiveCfg = Debug|Any CPU
		{6906E777-9AFB-4FAE-871F-C6226C3465E5}.Debug|Any CPU.Build.0 = Debug|Any CPU
		{6906E777-9AFB-4FAE-871F-C6226C3465E5}.Release|Any CPU.ActiveCfg = Release|Any CPU
		{6906E777-9AFB-4FAE-871F-C6226C3465E5}.Release|Any CPU.Build.0 = Release|Any CPU
	EndGlobalSection
	GlobalSection(SolutionProperties) = preSolution
		HideSolutionNode = FALSE
	EndGlobalSection
	GlobalSection(ExtensibilityGlobals) = postSolution
		SolutionGuid = {AA3F24CF-0DAB-4F28-9C68-2FCABF0ADCD0}
	EndGlobalSection
EndGlobal
